
Microsoft Visual Studio Solution File, Format Version 12.00
# Visual Studio 15
VisualStudioVersion = 15.0.28307.106
MinimumVisualStudioVersion = 10.0.40219.1
Project("{FAE04EC0-301F-11D3-BF4B-00C04F79EFBC}") = "ConsoleApp23", "ConsoleApp23\ConsoleApp23.csproj", "{9F8C3C14-6A96-46BB-8E63-1B7A6C11940B}"
EndProject
Global
	GlobalSection(SolutionConfigurationPlatforms) = preSolution
		Debug|Any CPU = Debug|Any CPU
		Release|Any CPU = Release|Any CPU
	EndGlobalSection
	GlobalSection(ProjectConfigurationPlatforms) = postSolution
		{9F8C3C14-6A96-46BB-8E63-1B7A6C11940B}.Debug|Any CPU.ActiveCfg = Debug|Any CPU
		{9F8C3C14-6A96-46BB-8E63-1B7A6C11940B}.Debug|Any CPU.Build.0 = Debug|Any CPU
		{9F8C3C14-6A96-46BB-8E63-1B7A6C11940B}.Release|Any CPU.ActiveCfg = Release|Any CPU
		{9F8C3C14-6A96-46BB-8E63-1B7A6C11940B}.Release|Any CPU.Build.0 = Release|Any CPU
	EndGlobalSection
	GlobalSection(SolutionProperties) = preSolution
		HideSolutionNode = FALSE
	EndGlobalSection
	GlobalSection(ExtensibilityGlobals) = postSolution
		SolutionGuid = {D079E933-F063-466E-9AB2-DC51F22879EC}
	EndGlobalSection
EndGlobal
